
Microsoft Visual Studio Solution File, Format Version 12.00
# Visual Studio 15
VisualStudioVersion = 15.0.28307.271
MinimumVisualStudioVersion = 10.0.40219.1
Project("{FAE04EC0-301F-11D3-BF4B-00C04F79EFBC}") = "MySales", "MySales\MySales.csproj", "{4AD24DE1-B818-4749-A095-69A02815837C}"
EndProject
Global
	GlobalSection(SolutionConfigurationPlatforms) = preSolution
		Debug|Any CPU = Debug|Any CPU
		Release|Any CPU = Release|Any CPU
	EndGlobalSection
	GlobalSection(ProjectConfigurationPlatforms) = postSolution
		{4AD24DE1-B818-4749-A095-69A02815837C}.Debug|Any CPU.ActiveCfg = Debug|Any CPU
		{4AD24DE1-B818-4749-A095-69A02815837C}.Debug|Any CPU.Build.0 = Debug|Any CPU
		{4AD24DE1-B818-4749-A095-69A02815837C}.Release|Any CPU.ActiveCfg = Release|Any CPU
		{4AD24DE1-B818-4749-A095-69A02815837C}.Release|Any CPU.Build.0 = Release|Any CPU
	EndGlobalSection
	GlobalSection(SolutionProperties) = preSolution
		HideSolutionNode = FALSE
	EndGlobalSection
	GlobalSection(ExtensibilityGlobals) = postSolution
		SolutionGuid = {F9D6B8FC-CA2B-4A9E-B2AD-3BDC0759D18D}
	EndGlobalSection
EndGlobal
